{
  "nodes": {
    "nixpkgs": {
      "locked": {
        "lastModified": 1622747625,
        "narHash": "sha256-yQZLfMqwY24gofuKPHJsAUMcIUufWMxG/dqb8hWkFAI=",
        "owner": "NixOS",
        "repo": "nixpkgs",
        "rev": "bd1630ed0a688bd02129d3a9e687f5ac89dc9d49",
        "type": "github"
      },
      "original": {
        "owner": "NixOS",
        "repo": "nixpkgs",
        "type": "github"
      }
    },
    "root": {
      "inputs": {
        "nixpkgs": "nixpkgs",
        "utils": "utils"
      }
    },
    "utils": {
      "locked": {
        "lastModified": 1622445595,
        "narHash": "sha256-m+JRe6Wc5OZ/mKw2bB3+Tl0ZbtyxxxfnAWln8Q5qs+Y=",
        "owner": "numtide",
        "repo": "flake-utils",
        "rev": "7d706970d94bc5559077eb1a6600afddcd25a7c8",
        "type": "github"
      },
      "original": {
        "owner": "numtide",
        "repo": "flake-utils",
        "type": "github"
      }
    }
  },
  "root": "root",
  "version": 7
}
